// !$*UTF8*$!
{
	archiveVersion = 1;
	classes = {
	};
	objectVersion = 46;
	objects = {

/* Begin PBXBuildFile section */
		829193CEF33F7F0B230025BA /* libPods.a in Frameworks */ = {isa = PBXBuildFile; fileRef = 03A48840625F5B38E96649A7 /* libPods.a */; };
		A241EB0B1C7EA16E004385DA /* main.m in Sources */ = {isa = PBXBuildFile; fileRef = A241EB0A1C7EA16E004385DA /* main.m */; };
		A241EB0E1C7EA16E004385DA /* AppDelegate.m in Sources */ = {isa = PBXBuildFile; fileRef = A241EB0D1C7EA16E004385DA /* AppDelegate.m */; };
		A241EB161C7EA16E004385DA /* Assets.xcassets in Resources */ = {isa = PBXBuildFile; fileRef = A241EB151C7EA16E004385DA /* Assets.xcassets */; };
		A241EB191C7EA16E004385DA /* LaunchScreen.storyboard in Resources */ = {isa = PBXBuildFile; fileRef = A241EB171C7EA16E004385DA /* LaunchScreen.storyboard */; };
		A241EB241C7EA16E004385DA /* OnDutyTests.m in Sources */ = {isa = PBXBuildFile; fileRef = A241EB231C7EA16E004385DA /* OnDutyTests.m */; };
		A241EB2F1C7EA16E004385DA /* OnDutyUITests.m in Sources */ = {isa = PBXBuildFile; fileRef = A241EB2E1C7EA16E004385DA /* OnDutyUITests.m */; };
		A241EB5B1C7EA342004385DA /* UIView+VBMotionEffect.m in Sources */ = {isa = PBXBuildFile; fileRef = A241EB421C7EA342004385DA /* UIView+VBMotionEffect.m */; };
		A241EB5C1C7EA342004385DA /* VBLog.m in Sources */ = {isa = PBXBuildFile; fileRef = A241EB471C7EA342004385DA /* VBLog.m */; };
		A241EB5D1C7EA342004385DA /* VBObject.m in Sources */ = {isa = PBXBuildFile; fileRef = A241EB491C7EA342004385DA /* VBObject.m */; };
		A241EB5E1C7EA342004385DA /* VBNavigationBar.m in Sources */ = {isa = PBXBuildFile; fileRef = A241EB4D1C7EA342004385DA /* VBNavigationBar.m */; };
		A241EB5F1C7EA342004385DA /* VBNavigationController.m in Sources */ = {isa = PBXBuildFile; fileRef = A241EB4F1C7EA342004385DA /* VBNavigationController.m */; };
		A241EB601C7EA342004385DA /* VBTabBarController.m in Sources */ = {isa = PBXBuildFile; fileRef = A241EB511C7EA342004385DA /* VBTabBarController.m */; };
		A241EB611C7EA342004385DA /* VBTableView.m in Sources */ = {isa = PBXBuildFile; fileRef = A241EB531C7EA342004385DA /* VBTableView.m */; };
		A241EB621C7EA342004385DA /* VBTableViewCell.m in Sources */ = {isa = PBXBuildFile; fileRef = A241EB551C7EA342004385DA /* VBTableViewCell.m */; };
		A241EB631C7EA342004385DA /* VBView.m in Sources */ = {isa = PBXBuildFile; fileRef = A241EB581C7EA342004385DA /* VBView.m */; };
		A241EB641C7EA342004385DA /* VBViewController.m in Sources */ = {isa = PBXBuildFile; fileRef = A241EB5A1C7EA342004385DA /* VBViewController.m */; };
		A241EB971C7EA6C6004385DA /* VBColorManager.m in Sources */ = {isa = PBXBuildFile; fileRef = A241EB961C7EA6C6004385DA /* VBColorManager.m */; };
		A241EB9C1C7EA7DB004385DA /* UIView+ITTAdditions.m in Sources */ = {isa = PBXBuildFile; fileRef = A241EB9B1C7EA7DB004385DA /* UIView+ITTAdditions.m */; };
		A241EB9F1C7EA855004385DA /* ODRootVC.m in Sources */ = {isa = PBXBuildFile; fileRef = A241EB9E1C7EA855004385DA /* ODRootVC.m */; };
		A241EBB21C87E8CD004385DA /* VBConfigDBManager.m in Sources */ = {isa = PBXBuildFile; fileRef = A241EBA41C87E8CD004385DA /* VBConfigDBManager.m */; };
		A241EBB31C87E8CD004385DA /* VBDBManager.m in Sources */ = {isa = PBXBuildFile; fileRef = A241EBA61C87E8CD004385DA /* VBDBManager.m */; };
		A241EBB41C87E8CD004385DA /* VBFMEncryptDatabase.m in Sources */ = {isa = PBXBuildFile; fileRef = A241EBAB1C87E8CD004385DA /* VBFMEncryptDatabase.m */; };
		A241EBB51C87E8CD004385DA /* VBFMEncryptDatabaseQueue.m in Sources */ = {isa = PBXBuildFile; fileRef = A241EBAD1C87E8CD004385DA /* VBFMEncryptDatabaseQueue.m */; };
		A241EBB61C87E8CD004385DA /* VBFMEncryptHelper.m in Sources */ = {isa = PBXBuildFile; fileRef = A241EBAF1C87E8CD004385DA /* VBFMEncryptHelper.m */; };
		A241EBB71C87E8CD004385DA /* VBDBManagerFactory.m in Sources */ = {isa = PBXBuildFile; fileRef = A241EBB11C87E8CD004385DA /* VBDBManagerFactory.m */; };
		A241EBCC1C883AD8004385DA /* VBFileManager.m in Sources */ = {isa = PBXBuildFile; fileRef = A241EBCB1C883AD8004385DA /* VBFileManager.m */; };
		A2CAA50E1C994E0400031094 /* ODRandomManager.m in Sources */ = {isa = PBXBuildFile; fileRef = A2CAA50D1C994E0400031094 /* ODRandomManager.m */; };
		A2CAA5161C99507900031094 /* ODCountModel.m in Sources */ = {isa = PBXBuildFile; fileRef = A2CAA5151C99507900031094 /* ODCountModel.m */; };
		A2CAA5191C9952A200031094 /* ODCountDBManager.m in Sources */ = {isa = PBXBuildFile; fileRef = A2CAA5181C9952A200031094 /* ODCountDBManager.m */; };
		A2CAA5291C9C649700031094 /* MFLiHei_Noncommercial-Regular.otf in Resources */ = {isa = PBXBuildFile; fileRef = A2CAA5281C9C640400031094 /* MFLiHei_Noncommercial-Regular.otf */; };
		A2CAA52C1C9C945500031094 /* ODRootButton.m in Sources */ = {isa = PBXBuildFile; fileRef = A2CAA52B1C9C945500031094 /* ODRootButton.m */; };
		A2CAA52F1C9C97EE00031094 /* UIColor+HEX.m in Sources */ = {isa = PBXBuildFile; fileRef = A2CAA52E1C9C97EE00031094 /* UIColor+HEX.m */; };
		A2CAA5331C9C9F8C00031094 /* ODDutyVC.m in Sources */ = {isa = PBXBuildFile; fileRef = A2CAA5321C9C9F8C00031094 /* ODDutyVC.m */; };
		A2EFA6731CA11B2D0012A27D /* ODDutyCell.m in Sources */ = {isa = PBXBuildFile; fileRef = A2EFA6721CA11B2D0012A27D /* ODDutyCell.m */; };
		A2EFA6771CA11E3C0012A27D /* VBLabel.m in Sources */ = {isa = PBXBuildFile; fileRef = A2EFA6761CA11E3C0012A27D /* VBLabel.m */; };
		A2EFA67A1CA11E7A0012A27D /* ODDutyLable.m in Sources */ = {isa = PBXBuildFile; fileRef = A2EFA6791CA11E7A0012A27D /* ODDutyLable.m */; };
		A2EFA67E1CA125FD0012A27D /* 123.jpg in Resources */ = {isa = PBXBuildFile; fileRef = A2EFA67D1CA125FD0012A27D /* 123.jpg */; };
/* End PBXBuildFile section */

/* Begin PBXContainerItemProxy section */
		A241EB201C7EA16E004385DA /* PBXContainerItemProxy */ = {
			isa = PBXContainerItemProxy;
			containerPortal = A241EAFE1C7EA16E004385DA /* Project object */;
			proxyType = 1;
			remoteGlobalIDString = A241EB051C7EA16E004385DA;
			remoteInfo = OnDuty;
		};
		A241EB2B1C7EA16E004385DA /* PBXContainerItemProxy */ = {
			isa = PBXContainerItemProxy;
			containerPortal = A241EAFE1C7EA16E004385DA /* Project object */;
			proxyType = 1;
			remoteGlobalIDString = A241EB051C7EA16E004385DA;
			remoteInfo = OnDuty;
		};
/* End PBXContainerItemProxy section */

/* Begin PBXFileReference section */
		03A48840625F5B38E96649A7 /* libPods.a */ = {isa = PBXFileReference; explicitFileType = archive.ar; includeInIndex = 0; path = libPods.a; sourceTree = BUILT_PRODUCTS_DIR; };
		1E78EEDD435B479402B96368 /* Pods.release.xcconfig */ = {isa = PBXFileReference; includeInIndex = 1; lastKnownFileType = text.xcconfig; name = Pods.release.xcconfig; path = "Pods/Target Support Files/Pods/Pods.release.xcconfig"; sourceTree = "<group>"; };
		21744CD10DB9CF981506E52F /* Pods.debug.xcconfig */ = {isa = PBXFileReference; includeInIndex = 1; lastKnownFileType = text.xcconfig; name = Pods.debug.xcconfig; path = "Pods/Target Support Files/Pods/Pods.debug.xcconfig"; sourceTree = "<group>"; };
		A21AF83B1CB35A5000B03294 /* ODAppKeys.h */ = {isa = PBXFileReference; fileEncoding = 4; lastKnownFileType = sourcecode.c.h; path = ODAppKeys.h; sourceTree = "<group>"; };
		A241EB061C7EA16E004385DA /* OnDuty.app */ = {isa = PBXFileReference; explicitFileType = wrapper.application; includeInIndex = 0; path = OnDuty.app; sourceTree = BUILT_PRODUCTS_DIR; };
		A241EB0A1C7EA16E004385DA /* main.m */ = {isa = PBXFileReference; lastKnownFileType = sourcecode.c.objc; path = main.m; sourceTree = "<group>"; };
		A241EB0C1C7EA16E004385DA /* AppDelegate.h */ = {isa = PBXFileReference; lastKnownFileType = sourcecode.c.h; path = AppDelegate.h; sourceTree = "<group>"; };
		A241EB0D1C7EA16E004385DA /* AppDelegate.m */ = {isa = PBXFileReference; lastKnownFileType = sourcecode.c.objc; path = AppDelegate.m; sourceTree = "<group>"; };
		A241EB151C7EA16E004385DA /* Assets.xcassets */ = {isa = PBXFileReference; lastKnownFileType = folder.assetcatalog; path = Assets.xcassets; sourceTree = "<group>"; };
		A241EB181C7EA16E004385DA /* Base */ = {isa = PBXFileReference; lastKnownFileType = file.storyboard; name = Base; path = Base.lproj/LaunchScreen.storyboard; sourceTree = "<group>"; };
		A241EB1A1C7EA16E004385DA /* Info.plist */ = {isa = PBXFileReference; lastKnownFileType = text.plist.xml; path = Info.plist; sourceTree = "<group>"; };
		A241EB1F1C7EA16E004385DA /* OnDutyTests.xctest */ = {isa = PBXFileReference; explicitFileType = wrapper.cfbundle; includeInIndex = 0; path = OnDutyTests.xctest; sourceTree = BUILT_PRODUCTS_DIR; };
		A241EB231C7EA16E004385DA /* OnDutyTests.m */ = {isa = PBXFileReference; lastKnownFileType = sourcecode.c.objc; path = OnDutyTests.m; sourceTree = "<group>"; };
		A241EB251C7EA16E004385DA /* Info.plist */ = {isa = PBXFileReference; lastKnownFileType = text.plist.xml; path = Info.plist; sourceTree = "<group>"; };
		A241EB2A1C7EA16E004385DA /* OnDutyUITests.xctest */ = {isa = PBXFileReference; explicitFileType = wrapper.cfbundle; includeInIndex = 0; path = OnDutyUITests.xctest; sourceTree = BUILT_PRODUCTS_DIR; };
		A241EB2E1C7EA16E004385DA /* OnDutyUITests.m */ = {isa = PBXFileReference; lastKnownFileType = sourcecode.c.objc; path = OnDutyUITests.m; sourceTree = "<group>"; };
		A241EB301C7EA16E004385DA /* Info.plist */ = {isa = PBXFileReference; lastKnownFileType = text.plist.xml; path = Info.plist; sourceTree = "<group>"; };
		A241EB411C7EA342004385DA /* UIView+VBMotionEffect.h */ = {isa = PBXFileReference; fileEncoding = 4; lastKnownFileType = sourcecode.c.h; path = "UIView+VBMotionEffect.h"; sourceTree = "<group>"; };
		A241EB421C7EA342004385DA /* UIView+VBMotionEffect.m */ = {isa = PBXFileReference; fileEncoding = 4; lastKnownFileType = sourcecode.c.objc; path = "UIView+VBMotionEffect.m"; sourceTree = "<group>"; };
		A241EB431C7EA342004385DA /* VBCategories.h */ = {isa = PBXFileReference; fileEncoding = 4; lastKnownFileType = sourcecode.c.h; path = VBCategories.h; sourceTree = "<group>"; };
		A241EB451C7EA342004385DA /* VBFoundation.h */ = {isa = PBXFileReference; fileEncoding = 4; lastKnownFileType = sourcecode.c.h; path = VBFoundation.h; sourceTree = "<group>"; };
		A241EB461C7EA342004385DA /* VBLog.h */ = {isa = PBXFileReference; fileEncoding = 4; lastKnownFileType = sourcecode.c.h; path = VBLog.h; sourceTree = "<group>"; };
		A241EB471C7EA342004385DA /* VBLog.m */ = {isa = PBXFileReference; fileEncoding = 4; lastKnownFileType = sourcecode.c.objc; path = VBLog.m; sourceTree = "<group>"; };
		A241EB481C7EA342004385DA /* VBObject.h */ = {isa = PBXFileReference; fileEncoding = 4; lastKnownFileType = sourcecode.c.h; path = VBObject.h; sourceTree = "<group>"; };
		A241EB491C7EA342004385DA /* VBObject.m */ = {isa = PBXFileReference; fileEncoding = 4; lastKnownFileType = sourcecode.c.objc; path = VBObject.m; sourceTree = "<group>"; };
		A241EB4C1C7EA342004385DA /* VBNavigationBar.h */ = {isa = PBXFileReference; fileEncoding = 4; lastKnownFileType = sourcecode.c.h; path = VBNavigationBar.h; sourceTree = "<group>"; };
		A241EB4D1C7EA342004385DA /* VBNavigationBar.m */ = {isa = PBXFileReference; fileEncoding = 4; lastKnownFileType = sourcecode.c.objc; path = VBNavigationBar.m; sourceTree = "<group>"; };
		A241EB4E1C7EA342004385DA /* VBNavigationController.h */ = {isa = PBXFileReference; fileEncoding = 4; lastKnownFileType = sourcecode.c.h; path = VBNavigationController.h; sourceTree = "<group>"; };
		A241EB4F1C7EA342004385DA /* VBNavigationController.m */ = {isa = PBXFileReference; fileEncoding = 4; lastKnownFileType = sourcecode.c.objc; path = VBNavigationController.m; sourceTree = "<group>"; };
		A241EB501C7EA342004385DA /* VBTabBarController.h */ = {isa = PBXFileReference; fileEncoding = 4; lastKnownFileType = sourcecode.c.h; path = VBTabBarController.h; sourceTree = "<group>"; };
		A241EB511C7EA342004385DA /* VBTabBarController.m */ = {isa = PBXFileReference; fileEncoding = 4; lastKnownFileType = sourcecode.c.objc; path = VBTabBarController.m; sourceTree = "<group>"; };
		A241EB521C7EA342004385DA /* VBTableView.h */ = {isa = PBXFileReference; fileEncoding = 4; lastKnownFileType = sourcecode.c.h; path = VBTableView.h; sourceTree = "<group>"; };
		A241EB531C7EA342004385DA /* VBTableView.m */ = {isa = PBXFileReference; fileEncoding = 4; lastKnownFileType = sourcecode.c.objc; path = VBTableView.m; sourceTree = "<group>"; };
		A241EB541C7EA342004385DA /* VBTableViewCell.h */ = {isa = PBXFileReference; fileEncoding = 4; lastKnownFileType = sourcecode.c.h; path = VBTableViewCell.h; sourceTree = "<group>"; };
		A241EB551C7EA342004385DA /* VBTableViewCell.m */ = {isa = PBXFileReference; fileEncoding = 4; lastKnownFileType = sourcecode.c.objc; path = VBTableViewCell.m; sourceTree = "<group>"; };
		A241EB561C7EA342004385DA /* VBUI.h */ = {isa = PBXFileReference; fileEncoding = 4; lastKnownFileType = sourcecode.c.h; path = VBUI.h; sourceTree = "<group>"; };
		A241EB571C7EA342004385DA /* VBView.h */ = {isa = PBXFileReference; fileEncoding = 4; lastKnownFileType = sourcecode.c.h; path = VBView.h; sourceTree = "<group>"; };
		A241EB581C7EA342004385DA /* VBView.m */ = {isa = PBXFileReference; fileEncoding = 4; lastKnownFileType = sourcecode.c.objc; path = VBView.m; sourceTree = "<group>"; };
		A241EB591C7EA342004385DA /* VBViewController.h */ = {isa = PBXFileReference; fileEncoding = 4; lastKnownFileType = sourcecode.c.h; path = VBViewController.h; sourceTree = "<group>"; };
		A241EB5A1C7EA342004385DA /* VBViewController.m */ = {isa = PBXFileReference; fileEncoding = 4; lastKnownFileType = sourcecode.c.objc; path = VBViewController.m; sourceTree = "<group>"; };
		A241EB921C7EA3D7004385DA /* CommonDef.h */ = {isa = PBXFileReference; lastKnownFileType = sourcecode.c.h; path = CommonDef.h; sourceTree = "<group>"; };
		A241EB931C7EA3FA004385DA /* OnDuty-Prefix.pch */ = {isa = PBXFileReference; lastKnownFileType = sourcecode.c.h; path = "OnDuty-Prefix.pch"; sourceTree = "<group>"; };
		A241EB951C7EA6C6004385DA /* VBColorManager.h */ = {isa = PBXFileReference; fileEncoding = 4; lastKnownFileType = sourcecode.c.h; path = VBColorManager.h; sourceTree = "<group>"; };
		A241EB961C7EA6C6004385DA /* VBColorManager.m */ = {isa = PBXFileReference; fileEncoding = 4; lastKnownFileType = sourcecode.c.objc; path = VBColorManager.m; sourceTree = "<group>"; };
		A241EB981C7EA746004385DA /* VBManagerHeaders.h */ = {isa = PBXFileReference; lastKnownFileType = sourcecode.c.h; path = VBManagerHeaders.h; sourceTree = "<group>"; };
		A241EB9A1C7EA7DB004385DA /* UIView+ITTAdditions.h */ = {isa = PBXFileReference; fileEncoding = 4; lastKnownFileType = sourcecode.c.h; path = "UIView+ITTAdditions.h"; sourceTree = "<group>"; };
		A241EB9B1C7EA7DB004385DA /* UIView+ITTAdditions.m */ = {isa = PBXFileReference; fileEncoding = 4; lastKnownFileType = sourcecode.c.objc; path = "UIView+ITTAdditions.m"; sourceTree = "<group>"; };
		A241EB9D1C7EA855004385DA /* ODRootVC.h */ = {isa = PBXFileReference; fileEncoding = 4; lastKnownFileType = sourcecode.c.h; path = ODRootVC.h; sourceTree = "<group>"; };
		A241EB9E1C7EA855004385DA /* ODRootVC.m */ = {isa = PBXFileReference; fileEncoding = 4; lastKnownFileType = sourcecode.c.objc; path = ODRootVC.m; sourceTree = "<group>"; };
		A241EBA31C87E8CD004385DA /* VBConfigDBManager.h */ = {isa = PBXFileReference; fileEncoding = 4; lastKnownFileType = sourcecode.c.h; path = VBConfigDBManager.h; sourceTree = "<group>"; };
		A241EBA41C87E8CD004385DA /* VBConfigDBManager.m */ = {isa = PBXFileReference; fileEncoding = 4; lastKnownFileType = sourcecode.c.objc; path = VBConfigDBManager.m; sourceTree = "<group>"; };
		A241EBA51C87E8CD004385DA /* VBDBManager.h */ = {isa = PBXFileReference; fileEncoding = 4; lastKnownFileType = sourcecode.c.h; path = VBDBManager.h; sourceTree = "<group>"; };
		A241EBA61C87E8CD004385DA /* VBDBManager.m */ = {isa = PBXFileReference; fileEncoding = 4; lastKnownFileType = sourcecode.c.objc; path = VBDBManager.m; sourceTree = "<group>"; };
		A241EBA81C87E8CD004385DA /* VBFMDBEncrypt.h */ = {isa = PBXFileReference; fileEncoding = 4; lastKnownFileType = sourcecode.c.h; path = VBFMDBEncrypt.h; sourceTree = "<group>"; };
		A241EBA91C87E8CD004385DA /* VBFMDBEncryptConfig.h */ = {isa = PBXFileReference; fileEncoding = 4; lastKnownFileType = sourcecode.c.h; path = VBFMDBEncryptConfig.h; sourceTree = "<group>"; };
		A241EBAA1C87E8CD004385DA /* VBFMEncryptDatabase.h */ = {isa = PBXFileReference; fileEncoding = 4; lastKnownFileType = sourcecode.c.h; path = VBFMEncryptDatabase.h; sourceTree = "<group>"; };
		A241EBAB1C87E8CD004385DA /* VBFMEncryptDatabase.m */ = {isa = PBXFileReference; fileEncoding = 4; lastKnownFileType = sourcecode.c.objc; path = VBFMEncryptDatabase.m; sourceTree = "<group>"; };
		A241EBAC1C87E8CD004385DA /* VBFMEncryptDatabaseQueue.h */ = {isa = PBXFileReference; fileEncoding = 4; lastKnownFileType = sourcecode.c.h; path = VBFMEncryptDatabaseQueue.h; sourceTree = "<group>"; };
		A241EBAD1C87E8CD004385DA /* VBFMEncryptDatabaseQueue.m */ = {isa = PBXFileReference; fileEncoding = 4; lastKnownFileType = sourcecode.c.objc; path = VBFMEncryptDatabaseQueue.m; sourceTree = "<group>"; };
		A241EBAE1C87E8CD004385DA /* VBFMEncryptHelper.h */ = {isa = PBXFileReference; fileEncoding = 4; lastKnownFileType = sourcecode.c.h; path = VBFMEncryptHelper.h; sourceTree = "<group>"; };
		A241EBAF1C87E8CD004385DA /* VBFMEncryptHelper.m */ = {isa = PBXFileReference; fileEncoding = 4; lastKnownFileType = sourcecode.c.objc; path = VBFMEncryptHelper.m; sourceTree = "<group>"; };
		A241EBB01C87E8CD004385DA /* VBDBManagerFactory.h */ = {isa = PBXFileReference; fileEncoding = 4; lastKnownFileType = sourcecode.c.h; path = VBDBManagerFactory.h; sourceTree = "<group>"; };
		A241EBB11C87E8CD004385DA /* VBDBManagerFactory.m */ = {isa = PBXFileReference; fileEncoding = 4; lastKnownFileType = sourcecode.c.objc; path = VBDBManagerFactory.m; sourceTree = "<group>"; };
		A241EBCA1C883AD8004385DA /* VBFileManager.h */ = {isa = PBXFileReference; fileEncoding = 4; lastKnownFileType = sourcecode.c.h; path = VBFileManager.h; sourceTree = "<group>"; };
		A241EBCB1C883AD8004385DA /* VBFileManager.m */ = {isa = PBXFileReference; fileEncoding = 4; lastKnownFileType = sourcecode.c.objc; path = VBFileManager.m; sourceTree = "<group>"; };
		A241EBCD1C883B3C004385DA /* libsqlite3.tbd */ = {isa = PBXFileReference; lastKnownFileType = "sourcecode.text-based-dylib-definition"; name = libsqlite3.tbd; path = usr/lib/libsqlite3.tbd; sourceTree = SDKROOT; };
		A2CAA50C1C994E0400031094 /* ODRandomManager.h */ = {isa = PBXFileReference; fileEncoding = 4; lastKnownFileType = sourcecode.c.h; path = ODRandomManager.h; sourceTree = "<group>"; };
		A2CAA50D1C994E0400031094 /* ODRandomManager.m */ = {isa = PBXFileReference; fileEncoding = 4; lastKnownFileType = sourcecode.c.objc; path = ODRandomManager.m; sourceTree = "<group>"; };
		A2CAA5131C99501700031094 /* ODModelHeaders.h */ = {isa = PBXFileReference; lastKnownFileType = sourcecode.c.h; path = ODModelHeaders.h; sourceTree = "<group>"; };
		A2CAA5141C99507900031094 /* ODCountModel.h */ = {isa = PBXFileReference; fileEncoding = 4; lastKnownFileType = sourcecode.c.h; path = ODCountModel.h; sourceTree = "<group>"; };
		A2CAA5151C99507900031094 /* ODCountModel.m */ = {isa = PBXFileReference; fileEncoding = 4; lastKnownFileType = sourcecode.c.objc; path = ODCountModel.m; sourceTree = "<group>"; };
		A2CAA5171C9952A200031094 /* ODCountDBManager.h */ = {isa = PBXFileReference; fileEncoding = 4; lastKnownFileType = sourcecode.c.h; path = ODCountDBManager.h; sourceTree = "<group>"; };
		A2CAA5181C9952A200031094 /* ODCountDBManager.m */ = {isa = PBXFileReference; fileEncoding = 4; lastKnownFileType = sourcecode.c.objc; path = ODCountDBManager.m; sourceTree = "<group>"; };
		A2CAA5281C9C640400031094 /* MFLiHei_Noncommercial-Regular.otf */ = {isa = PBXFileReference; lastKnownFileType = file; path = "MFLiHei_Noncommercial-Regular.otf"; sourceTree = "<group>"; };
		A2CAA52A1C9C945500031094 /* ODRootButton.h */ = {isa = PBXFileReference; fileEncoding = 4; lastKnownFileType = sourcecode.c.h; path = ODRootButton.h; sourceTree = "<group>"; };
		A2CAA52B1C9C945500031094 /* ODRootButton.m */ = {isa = PBXFileReference; fileEncoding = 4; lastKnownFileType = sourcecode.c.objc; path = ODRootButton.m; sourceTree = "<group>"; };
		A2CAA52D1C9C97EE00031094 /* UIColor+HEX.h */ = {isa = PBXFileReference; fileEncoding = 4; lastKnownFileType = sourcecode.c.h; path = "UIColor+HEX.h"; sourceTree = "<group>"; };
		A2CAA52E1C9C97EE00031094 /* UIColor+HEX.m */ = {isa = PBXFileReference; fileEncoding = 4; lastKnownFileType = sourcecode.c.objc; path = "UIColor+HEX.m"; sourceTree = "<group>"; };
		A2CAA5311C9C9F8C00031094 /* ODDutyVC.h */ = {isa = PBXFileReference; fileEncoding = 4; lastKnownFileType = sourcecode.c.h; path = ODDutyVC.h; sourceTree = "<group>"; };
		A2CAA5321C9C9F8C00031094 /* ODDutyVC.m */ = {isa = PBXFileReference; fileEncoding = 4; lastKnownFileType = sourcecode.c.objc; path = ODDutyVC.m; sourceTree = "<group>"; };
		A2EFA6711CA11B2D0012A27D /* ODDutyCell.h */ = {isa = PBXFileReference; fileEncoding = 4; lastKnownFileType = sourcecode.c.h; path = ODDutyCell.h; sourceTree = "<group>"; };
		A2EFA6721CA11B2D0012A27D /* ODDutyCell.m */ = {isa = PBXFileReference; fileEncoding = 4; lastKnownFileType = sourcecode.c.objc; path = ODDutyCell.m; sourceTree = "<group>"; };
		A2EFA6751CA11E3C0012A27D /* VBLabel.h */ = {isa = PBXFileReference; fileEncoding = 4; lastKnownFileType = sourcecode.c.h; path = VBLabel.h; sourceTree = "<group>"; };
		A2EFA6761CA11E3C0012A27D /* VBLabel.m */ = {isa = PBXFileReference; fileEncoding = 4; lastKnownFileType = sourcecode.c.objc; path = VBLabel.m; sourceTree = "<group>"; };
		A2EFA6781CA11E7A0012A27D /* ODDutyLable.h */ = {isa = PBXFileReference; fileEncoding = 4; lastKnownFileType = sourcecode.c.h; path = ODDutyLable.h; sourceTree = "<group>"; };
		A2EFA6791CA11E7A0012A27D /* ODDutyLable.m */ = {isa = PBXFileReference; fileEncoding = 4; lastKnownFileType = sourcecode.c.objc; path = ODDutyLable.m; sourceTree = "<group>"; };
		A2EFA67D1CA125FD0012A27D /* 123.jpg */ = {isa = PBXFileReference; lastKnownFileType = image.jpeg; path = 123.jpg; sourceTree = "<group>"; };
/* End PBXFileReference section */

/* Begin PBXFrameworksBuildPhase section */
		A241EB031C7EA16E004385DA /* Frameworks */ = {
			isa = PBXFrameworksBuildPhase;
			buildActionMask = 2147483647;
			files = (
				829193CEF33F7F0B230025BA /* libPods.a in Frameworks */,
			);
			runOnlyForDeploymentPostprocessing = 0;
		};
		A241EB1C1C7EA16E004385DA /* Frameworks */ = {
			isa = PBXFrameworksBuildPhase;
			buildActionMask = 2147483647;
			files = (
			);
			runOnlyForDeploymentPostprocessing = 0;
		};
		A241EB271C7EA16E004385DA /* Frameworks */ = {
			isa = PBXFrameworksBuildPhase;
			buildActionMask = 2147483647;
			files = (
			);
			runOnlyForDeploymentPostprocessing = 0;
		};
/* End PBXFrameworksBuildPhase section */

/* Begin PBXGroup section */
		86D63C8709090A19907A6E02 /* Frameworks */ = {
			isa = PBXGroup;
			children = (
				03A48840625F5B38E96649A7 /* libPods.a */,
			);
			name = Frameworks;
			sourceTree = "<group>";
		};
		A241EAFD1C7EA16E004385DA = {
			isa = PBXGroup;
			children = (
				A241EBCD1C883B3C004385DA /* libsqlite3.tbd */,
				A241EB081C7EA16E004385DA /* OnDuty */,
				A241EB221C7EA16E004385DA /* OnDutyTests */,
				A241EB2D1C7EA16E004385DA /* OnDutyUITests */,
				A241EB071C7EA16E004385DA /* Products */,
				D42EF20F013980D0759AB01C /* Pods */,
				86D63C8709090A19907A6E02 /* Frameworks */,
			);
			sourceTree = "<group>";
		};
		A241EB071C7EA16E004385DA /* Products */ = {
			isa = PBXGroup;
			children = (
				A241EB061C7EA16E004385DA /* OnDuty.app */,
				A241EB1F1C7EA16E004385DA /* OnDutyTests.xctest */,
				A241EB2A1C7EA16E004385DA /* OnDutyUITests.xctest */,
			);
			name = Products;
			sourceTree = "<group>";
		};
		A241EB081C7EA16E004385DA /* OnDuty */ = {
			isa = PBXGroup;
			children = (
				A241EB0C1C7EA16E004385DA /* AppDelegate.h */,
				A241EB0D1C7EA16E004385DA /* AppDelegate.m */,
				A2CAA5121C994FDF00031094 /* Models */,
				A241EB651C7EA382004385DA /* 3rd */,
				A241EB3F1C7EA342004385DA /* VBFrameworks */,
				A241EB3D1C7EA2D6004385DA /* UI */,
				A241EB3C1C7EA295004385DA /* Managers */,
				A241EB151C7EA16E004385DA /* Assets.xcassets */,
				A241EB171C7EA16E004385DA /* LaunchScreen.storyboard */,
				A241EB1A1C7EA16E004385DA /* Info.plist */,
				A2CAA5281C9C640400031094 /* MFLiHei_Noncommercial-Regular.otf */,
				A241EB091C7EA16E004385DA /* Supporting Files */,
			);
			path = OnDuty;
			sourceTree = "<group>";
		};
		A241EB091C7EA16E004385DA /* Supporting Files */ = {
			isa = PBXGroup;
			children = (
				A2EFA67D1CA125FD0012A27D /* 123.jpg */,
				A241EB0A1C7EA16E004385DA /* main.m */,
				A241EB931C7EA3FA004385DA /* OnDuty-Prefix.pch */,
				A241EB921C7EA3D7004385DA /* CommonDef.h */,
				A21AF83B1CB35A5000B03294 /* ODAppKeys.h */,
			);
			name = "Supporting Files";
			sourceTree = "<group>";
		};
		A241EB221C7EA16E004385DA /* OnDutyTests */ = {
			isa = PBXGroup;
			children = (
				A241EB231C7EA16E004385DA /* OnDutyTests.m */,
				A241EB251C7EA16E004385DA /* Info.plist */,
			);
			path = OnDutyTests;
			sourceTree = "<group>";
		};
		A241EB2D1C7EA16E004385DA /* OnDutyUITests */ = {
			isa = PBXGroup;
			children = (
				A241EB2E1C7EA16E004385DA /* OnDutyUITests.m */,
				A241EB301C7EA16E004385DA /* Info.plist */,
			);
			path = OnDutyUITests;
			sourceTree = "<group>";
		};
		A241EB3C1C7EA295004385DA /* Managers */ = {
			isa = PBXGroup;
			children = (
				A241EB981C7EA746004385DA /* VBManagerHeaders.h */,
				A241EBCF1C89F1B8004385DA /* RandomManager */,
				A241EBC91C883AD8004385DA /* FileManager */,
				A241EBA11C87E8CD004385DA /* DBManager */,
				A241EB941C7EA6C6004385DA /* ColorManager */,
			);
			path = Managers;
			sourceTree = "<group>";
		};
		A241EB3D1C7EA2D6004385DA /* UI */ = {
			isa = PBXGroup;
			children = (
				A2EFA6741CA11E070012A27D /* Common */,
				A241EB3E1C7EA2D6004385DA /* Root */,
				A2CAA5301C9C9F5700031094 /* Duty */,
			);
			path = UI;
			sourceTree = "<group>";
		};
		A241EB3E1C7EA2D6004385DA /* Root */ = {
			isa = PBXGroup;
			children = (
				A241EB9D1C7EA855004385DA /* ODRootVC.h */,
				A241EB9E1C7EA855004385DA /* ODRootVC.m */,
				A2CAA52A1C9C945500031094 /* ODRootButton.h */,
				A2CAA52B1C9C945500031094 /* ODRootButton.m */,
			);
			path = Root;
			sourceTree = "<group>";
		};
		A241EB3F1C7EA342004385DA /* VBFrameworks */ = {
			isa = PBXGroup;
			children = (
				A241EB401C7EA342004385DA /* VBCategories */,
				A241EB441C7EA342004385DA /* VBFoundation */,
				A241EB4A1C7EA342004385DA /* VBUI */,
			);
			path = VBFrameworks;
			sourceTree = "<group>";
		};
		A241EB401C7EA342004385DA /* VBCategories */ = {
			isa = PBXGroup;
			children = (
				A241EB411C7EA342004385DA /* UIView+VBMotionEffect.h */,
				A241EB421C7EA342004385DA /* UIView+VBMotionEffect.m */,
				A241EB431C7EA342004385DA /* VBCategories.h */,
			);
			path = VBCategories;
			sourceTree = "<group>";
		};
		A241EB441C7EA342004385DA /* VBFoundation */ = {
			isa = PBXGroup;
			children = (
				A241EB451C7EA342004385DA /* VBFoundation.h */,
				A241EB461C7EA342004385DA /* VBLog.h */,
				A241EB471C7EA342004385DA /* VBLog.m */,
				A241EB481C7EA342004385DA /* VBObject.h */,
				A241EB491C7EA342004385DA /* VBObject.m */,
			);
			path = VBFoundation;
			sourceTree = "<group>";
		};
		A241EB4A1C7EA342004385DA /* VBUI */ = {
			isa = PBXGroup;
			children = (
				A241EB4B1C7EA342004385DA /* Base */,
			);
			path = VBUI;
			sourceTree = "<group>";
		};
		A241EB4B1C7EA342004385DA /* Base */ = {
			isa = PBXGroup;
			children = (
				A241EB561C7EA342004385DA /* VBUI.h */,
				A241EB4C1C7EA342004385DA /* VBNavigationBar.h */,
				A241EB4D1C7EA342004385DA /* VBNavigationBar.m */,
				A241EB4E1C7EA342004385DA /* VBNavigationController.h */,
				A241EB4F1C7EA342004385DA /* VBNavigationController.m */,
				A241EB501C7EA342004385DA /* VBTabBarController.h */,
				A241EB511C7EA342004385DA /* VBTabBarController.m */,
				A241EB521C7EA342004385DA /* VBTableView.h */,
				A241EB531C7EA342004385DA /* VBTableView.m */,
				A241EB541C7EA342004385DA /* VBTableViewCell.h */,
				A241EB551C7EA342004385DA /* VBTableViewCell.m */,
				A241EB571C7EA342004385DA /* VBView.h */,
				A241EB581C7EA342004385DA /* VBView.m */,
				A241EB591C7EA342004385DA /* VBViewController.h */,
				A241EB5A1C7EA342004385DA /* VBViewController.m */,
				A2EFA6751CA11E3C0012A27D /* VBLabel.h */,
				A2EFA6761CA11E3C0012A27D /* VBLabel.m */,
			);
			path = Base;
			sourceTree = "<group>";
		};
		A241EB651C7EA382004385DA /* 3rd */ = {
			isa = PBXGroup;
			children = (
				A241EB991C7EA7DB004385DA /* Categories */,
			);
			path = 3rd;
			sourceTree = "<group>";
		};
		A241EB941C7EA6C6004385DA /* ColorManager */ = {
			isa = PBXGroup;
			children = (
				A241EB951C7EA6C6004385DA /* VBColorManager.h */,
				A241EB961C7EA6C6004385DA /* VBColorManager.m */,
			);
			path = ColorManager;
			sourceTree = "<group>";
		};
		A241EB991C7EA7DB004385DA /* Categories */ = {
			isa = PBXGroup;
			children = (
				A241EB9A1C7EA7DB004385DA /* UIView+ITTAdditions.h */,
				A241EB9B1C7EA7DB004385DA /* UIView+ITTAdditions.m */,
				A2CAA52D1C9C97EE00031094 /* UIColor+HEX.h */,
				A2CAA52E1C9C97EE00031094 /* UIColor+HEX.m */,
			);
			path = Categories;
			sourceTree = "<group>";
		};
		A241EBA11C87E8CD004385DA /* DBManager */ = {
			isa = PBXGroup;
			children = (
				A241EBA21C87E8CD004385DA /* VBDBManager */,
				A241EBB01C87E8CD004385DA /* VBDBManagerFactory.h */,
				A241EBB11C87E8CD004385DA /* VBDBManagerFactory.m */,
				A2CAA5171C9952A200031094 /* ODCountDBManager.h */,
				A2CAA5181C9952A200031094 /* ODCountDBManager.m */,
			);
			path = DBManager;
			sourceTree = "<group>";
		};
		A241EBA21C87E8CD004385DA /* VBDBManager */ = {
			isa = PBXGroup;
			children = (
				A241EBA31C87E8CD004385DA /* VBConfigDBManager.h */,
				A241EBA41C87E8CD004385DA /* VBConfigDBManager.m */,
				A241EBA51C87E8CD004385DA /* VBDBManager.h */,
				A241EBA61C87E8CD004385DA /* VBDBManager.m */,
				A241EBA71C87E8CD004385DA /* VBFMDBEncrypt */,
			);
			path = VBDBManager;
			sourceTree = "<group>";
		};
		A241EBA71C87E8CD004385DA /* VBFMDBEncrypt */ = {
			isa = PBXGroup;
			children = (
				A241EBA81C87E8CD004385DA /* VBFMDBEncrypt.h */,
				A241EBA91C87E8CD004385DA /* VBFMDBEncryptConfig.h */,
				A241EBAA1C87E8CD004385DA /* VBFMEncryptDatabase.h */,
				A241EBAB1C87E8CD004385DA /* VBFMEncryptDatabase.m */,
				A241EBAC1C87E8CD004385DA /* VBFMEncryptDatabaseQueue.h */,
				A241EBAD1C87E8CD004385DA /* VBFMEncryptDatabaseQueue.m */,
				A241EBAE1C87E8CD004385DA /* VBFMEncryptHelper.h */,
				A241EBAF1C87E8CD004385DA /* VBFMEncryptHelper.m */,
			);
			path = VBFMDBEncrypt;
			sourceTree = "<group>";
		};
		A241EBC91C883AD8004385DA /* FileManager */ = {
			isa = PBXGroup;
			children = (
				A241EBCA1C883AD8004385DA /* VBFileManager.h */,
				A241EBCB1C883AD8004385DA /* VBFileManager.m */,
			);
			path = FileManager;
			sourceTree = "<group>";
		};
		A241EBCF1C89F1B8004385DA /* RandomManager */ = {
			isa = PBXGroup;
			children = (
				A2CAA50C1C994E0400031094 /* ODRandomManager.h */,
				A2CAA50D1C994E0400031094 /* ODRandomManager.m */,
			);
			path = RandomManager;
			sourceTree = "<group>";
		};
		A2CAA5121C994FDF00031094 /* Models */ = {
			isa = PBXGroup;
			children = (
				A2CAA5131C99501700031094 /* ODModelHeaders.h */,
				A2CAA5141C99507900031094 /* ODCountModel.h */,
				A2CAA5151C99507900031094 /* ODCountModel.m */,
			);
			path = Models;
			sourceTree = "<group>";
		};
		A2CAA5301C9C9F5700031094 /* Duty */ = {
			isa = PBXGroup;
			children = (
				A2CAA5311C9C9F8C00031094 /* ODDutyVC.h */,
				A2CAA5321C9C9F8C00031094 /* ODDutyVC.m */,
				A2EFA6711CA11B2D0012A27D /* ODDutyCell.h */,
				A2EFA6721CA11B2D0012A27D /* ODDutyCell.m */,
			);
			path = Duty;
			sourceTree = "<group>";
		};
		A2EFA6741CA11E070012A27D /* Common */ = {
			isa = PBXGroup;
			children = (
				A2EFA6781CA11E7A0012A27D /* ODDutyLable.h */,
				A2EFA6791CA11E7A0012A27D /* ODDutyLable.m */,
			);
			path = Common;
			sourceTree = "<group>";
		};
		D42EF20F013980D0759AB01C /* Pods */ = {
			isa = PBXGroup;
			children = (
				21744CD10DB9CF981506E52F /* Pods.debug.xcconfig */,
				1E78EEDD435B479402B96368 /* Pods.release.xcconfig */,
			);
			name = Pods;
			sourceTree = "<group>";
		};
/* End PBXGroup section */

/* Begin PBXNativeTarget section */
		A241EB051C7EA16E004385DA /* OnDuty */ = {
			isa = PBXNativeTarget;
			buildConfigurationList = A241EB331C7EA16E004385DA /* Build configuration list for PBXNativeTarget "OnDuty" */;
			buildPhases = (
				489CADA0931CCD680A4FBDFC /* Check Pods Manifest.lock */,
				A241EB021C7EA16E004385DA /* Sources */,
				A241EB031C7EA16E004385DA /* Frameworks */,
				A241EB041C7EA16E004385DA /* Resources */,
				62A417E4E8F908C70BB5F782 /* Embed Pods Frameworks */,
				EEA3BD18F2FA8AFD3364CB2A /* Copy Pods Resources */,
			);
			buildRules = (
			);
			dependencies = (
			);
			name = OnDuty;
			productName = OnDuty;
			productReference = A241EB061C7EA16E004385DA /* OnDuty.app */;
			productType = "com.apple.product-type.application";
		};
		A241EB1E1C7EA16E004385DA /* OnDutyTests */ = {
			isa = PBXNativeTarget;
			buildConfigurationList = A241EB361C7EA16E004385DA /* Build configuration list for PBXNativeTarget "OnDutyTests" */;
			buildPhases = (
				A241EB1B1C7EA16E004385DA /* Sources */,
				A241EB1C1C7EA16E004385DA /* Frameworks */,
				A241EB1D1C7EA16E004385DA /* Resources */,
			);
			buildRules = (
			);
			dependencies = (
				A241EB211C7EA16E004385DA /* PBXTargetDependency */,
			);
			name = OnDutyTests;
			productName = OnDutyTests;
			productReference = A241EB1F1C7EA16E004385DA /* OnDutyTests.xctest */;
			productType = "com.apple.product-type.bundle.unit-test";
		};
		A241EB291C7EA16E004385DA /* OnDutyUITests */ = {
			isa = PBXNativeTarget;
			buildConfigurationList = A241EB391C7EA16E004385DA /* Build configuration list for PBXNativeTarget "OnDutyUITests" */;
			buildPhases = (
				A241EB261C7EA16E004385DA /* Sources */,
				A241EB271C7EA16E004385DA /* Frameworks */,
				A241EB281C7EA16E004385DA /* Resources */,
			);
			buildRules = (
			);
			dependencies = (
				A241EB2C1C7EA16E004385DA /* PBXTargetDependency */,
			);
			name = OnDutyUITests;
			productName = OnDutyUITests;
			productReference = A241EB2A1C7EA16E004385DA /* OnDutyUITests.xctest */;
			productType = "com.apple.product-type.bundle.ui-testing";
		};
/* End PBXNativeTarget section */

/* Begin PBXProject section */
		A241EAFE1C7EA16E004385DA /* Project object */ = {
			isa = PBXProject;
			attributes = {
				LastUpgradeCheck = 0720;
				ORGANIZATIONNAME = VisionBao;
				TargetAttributes = {
					A241EB051C7EA16E004385DA = {
						CreatedOnToolsVersion = 7.2.1;
					};
					A241EB1E1C7EA16E004385DA = {
						CreatedOnToolsVersion = 7.2.1;
						TestTargetID = A241EB051C7EA16E004385DA;
					};
					A241EB291C7EA16E004385DA = {
						CreatedOnToolsVersion = 7.2.1;
						TestTargetID = A241EB051C7EA16E004385DA;
					};
				};
			};
			buildConfigurationList = A241EB011C7EA16E004385DA /* Build configuration list for PBXProject "OnDuty" */;
			compatibilityVersion = "Xcode 3.2";
			developmentRegion = English;
			hasScannedForEncodings = 0;
			knownRegions = (
				en,
				Base,
			);
			mainGroup = A241EAFD1C7EA16E004385DA;
			productRefGroup = A241EB071C7EA16E004385DA /* Products */;
			projectDirPath = "";
			projectRoot = "";
			targets = (
				A241EB051C7EA16E004385DA /* OnDuty */,
				A241EB1E1C7EA16E004385DA /* OnDutyTests */,
				A241EB291C7EA16E004385DA /* OnDutyUITests */,
			);
		};
/* End PBXProject section */

/* Begin PBXResourcesBuildPhase section */
		A241EB041C7EA16E004385DA /* Resources */ = {
			isa = PBXResourcesBuildPhase;
			buildActionMask = 2147483647;
			files = (
				A2EFA67E1CA125FD0012A27D /* 123.jpg in Resources */,
				A2CAA5291C9C649700031094 /* MFLiHei_Noncommercial-Regular.otf in Resources */,
				A241EB191C7EA16E004385DA /* LaunchScreen.storyboard in Resources */,
				A241EB161C7EA16E004385DA /* Assets.xcassets in Resources */,
			);
			runOnlyForDeploymentPostprocessing = 0;
		};
		A241EB1D1C7EA16E004385DA /* Resources */ = {
			isa = PBXResourcesBuildPhase;
			buildActionMask = 2147483647;
			files = (
			);
			runOnlyForDeploymentPostprocessing = 0;
		};
		A241EB281C7EA16E004385DA /* Resources */ = {
			isa = PBXResourcesBuildPhase;
			buildActionMask = 2147483647;
			files = (
			);
			runOnlyForDeploymentPostprocessing = 0;
		};
/* End PBXResourcesBuildPhase section */

/* Begin PBXShellScriptBuildPhase section */
		489CADA0931CCD680A4FBDFC /* Check Pods Manifest.lock */ = {
			isa = PBXShellScriptBuildPhase;
			buildActionMask = 2147483647;
			files = (
			);
			inputPaths = (
			);
			name = "Check Pods Manifest.lock";
			outputPaths = (
			);
			runOnlyForDeploymentPostprocessing = 0;
			shellPath = /bin/sh;
			shellScript = "diff \"${PODS_ROOT}/../Podfile.lock\" \"${PODS_ROOT}/Manifest.lock\" > /dev/null\nif [[ $? != 0 ]] ; then\n    cat << EOM\nerror: The sandbox is not in sync with the Podfile.lock. Run 'pod install' or update your CocoaPods installation.\nEOM\n    exit 1\nfi\n";
			showEnvVarsInLog = 0;
		};
		62A417E4E8F908C70BB5F782 /* Embed Pods Frameworks */ = {
			isa = PBXShellScriptBuildPhase;
			buildActionMask = 2147483647;
			files = (
			);
			inputPaths = (
			);
			name = "Embed Pods Frameworks";
			outputPaths = (
			);
			runOnlyForDeploymentPostprocessing = 0;
			shellPath = /bin/sh;
			shellScript = "\"${SRCROOT}/Pods/Target Support Files/Pods/Pods-frameworks.sh\"\n";
			showEnvVarsInLog = 0;
		};
		EEA3BD18F2FA8AFD3364CB2A /* Copy Pods Resources */ = {
			isa = PBXShellScriptBuildPhase;
			buildActionMask = 2147483647;
			files = (
			);
			inputPaths = (
			);
			name = "Copy Pods Resources";
			outputPaths = (
			);
			runOnlyForDeploymentPostprocessing = 0;
			shellPath = /bin/sh;
			shellScript = "\"${SRCROOT}/Pods/Target Support Files/Pods/Pods-resources.sh\"\n";
			showEnvVarsInLog = 0;
		};
/* End PBXShellScriptBuildPhase section */

/* Begin PBXSourcesBuildPhase section */
		A241EB021C7EA16E004385DA /* Sources */ = {
			isa = PBXSourcesBuildPhase;
			buildActionMask = 2147483647;
			files = (
				A241EBB71C87E8CD004385DA /* VBDBManagerFactory.m in Sources */,
				A2EFA67A1CA11E7A0012A27D /* ODDutyLable.m in Sources */,
				A241EB5F1C7EA342004385DA /* VBNavigationController.m in Sources */,
				A241EBB61C87E8CD004385DA /* VBFMEncryptHelper.m in Sources */,
				A2CAA5191C9952A200031094 /* ODCountDBManager.m in Sources */,
				A241EBB21C87E8CD004385DA /* VBConfigDBManager.m in Sources */,
				A241EB5C1C7EA342004385DA /* VBLog.m in Sources */,
				A241EBB31C87E8CD004385DA /* VBDBManager.m in Sources */,
				A241EB631C7EA342004385DA /* VBView.m in Sources */,
				A241EB5D1C7EA342004385DA /* VBObject.m in Sources */,
				A241EB971C7EA6C6004385DA /* VBColorManager.m in Sources */,
				A241EB9F1C7EA855004385DA /* ODRootVC.m in Sources */,
				A241EB641C7EA342004385DA /* VBViewController.m in Sources */,
				A241EB5B1C7EA342004385DA /* UIView+VBMotionEffect.m in Sources */,
				A241EB5E1C7EA342004385DA /* VBNavigationBar.m in Sources */,
				A241EBB41C87E8CD004385DA /* VBFMEncryptDatabase.m in Sources */,
				A2CAA5161C99507900031094 /* ODCountModel.m in Sources */,
				A2CAA52F1C9C97EE00031094 /* UIColor+HEX.m in Sources */,
				A2CAA52C1C9C945500031094 /* ODRootButton.m in Sources */,
				A241EBB51C87E8CD004385DA /* VBFMEncryptDatabaseQueue.m in Sources */,
				A241EB621C7EA342004385DA /* VBTableViewCell.m in Sources */,
				A2CAA5331C9C9F8C00031094 /* ODDutyVC.m in Sources */,
				A2EFA6731CA11B2D0012A27D /* ODDutyCell.m in Sources */,
				A241EB611C7EA342004385DA /* VBTableView.m in Sources */,
				A241EBCC1C883AD8004385DA /* VBFileManager.m in Sources */,
				A241EB9C1C7EA7DB004385DA /* UIView+ITTAdditions.m in Sources */,
				A2EFA6771CA11E3C0012A27D /* VBLabel.m in Sources */,
				A241EB0E1C7EA16E004385DA /* AppDelegate.m in Sources */,
				A241EB0B1C7EA16E004385DA /* main.m in Sources */,
				A241EB601C7EA342004385DA /* VBTabBarController.m in Sources */,
				A2CAA50E1C994E0400031094 /* ODRandomManager.m in Sources */,
			);
			runOnlyForDeploymentPostprocessing = 0;
		};
		A241EB1B1C7EA16E004385DA /* Sources */ = {
			isa = PBXSourcesBuildPhase;
			buildActionMask = 2147483647;
			files = (
				A241EB241C7EA16E004385DA /* OnDutyTests.m in Sources */,
			);
			runOnlyForDeploymentPostprocessing = 0;
		};
		A241EB261C7EA16E004385DA /* Sources */ = {
			isa = PBXSourcesBuildPhase;
			buildActionMask = 2147483647;
			files = (
				A241EB2F1C7EA16E004385DA /* OnDutyUITests.m in Sources */,
			);
			runOnlyForDeploymentPostprocessing = 0;
		};
/* End PBXSourcesBuildPhase section */

/* Begin PBXTargetDependency section */
		A241EB211C7EA16E004385DA /* PBXTargetDependency */ = {
			isa = PBXTargetDependency;
			target = A241EB051C7EA16E004385DA /* OnDuty */;
			targetProxy = A241EB201C7EA16E004385DA /* PBXContainerItemProxy */;
		};
		A241EB2C1C7EA16E004385DA /* PBXTargetDependency */ = {
			isa = PBXTargetDependency;
			target = A241EB051C7EA16E004385DA /* OnDuty */;
			targetProxy = A241EB2B1C7EA16E004385DA /* PBXContainerItemProxy */;
		};
/* End PBXTargetDependency section */

/* Begin PBXVariantGroup section */
		A241EB171C7EA16E004385DA /* LaunchScreen.storyboard */ = {
			isa = PBXVariantGroup;
			children = (
				A241EB181C7EA16E004385DA /* Base */,
			);
			name = LaunchScreen.storyboard;
			sourceTree = "<group>";
		};
/* End PBXVariantGroup section */

/* Begin XCBuildConfiguration section */
		A241EB311C7EA16E004385DA /* Debug */ = {
			isa = XCBuildConfiguration;
			buildSettings = {
				ALWAYS_SEARCH_USER_PATHS = NO;
				CLANG_CXX_LANGUAGE_STANDARD = "gnu++0x";
				CLANG_CXX_LIBRARY = "libc++";
				CLANG_ENABLE_MODULES = YES;
				CLANG_ENABLE_OBJC_ARC = YES;
				CLANG_WARN_BOOL_CONVERSION = YES;
				CLANG_WARN_CONSTANT_CONVERSION = YES;
				CLANG_WARN_DIRECT_OBJC_ISA_USAGE = YES_ERROR;
				CLANG_WARN_EMPTY_BODY = YES;
				CLANG_WARN_ENUM_CONVERSION = YES;
				CLANG_WARN_INT_CONVERSION = YES;
				CLANG_WARN_OBJC_ROOT_CLASS = YES_ERROR;
				CLANG_WARN_UNREACHABLE_CODE = YES;
				CLANG_WARN__DUPLICATE_METHOD_MATCH = YES;
				"CODE_SIGN_IDENTITY[sdk=iphoneos*]" = "iPhone Developer";
				COPY_PHASE_STRIP = NO;
				DEBUG_INFORMATION_FORMAT = dwarf;
				ENABLE_STRICT_OBJC_MSGSEND = YES;
				ENABLE_TESTABILITY = YES;
				GCC_C_LANGUAGE_STANDARD = gnu99;
				GCC_DYNAMIC_NO_PIC = NO;
				GCC_NO_COMMON_BLOCKS = YES;
				GCC_OPTIMIZATION_LEVEL = 0;
				GCC_PREPROCESSOR_DEFINITIONS = (
					"DEBUG=1",
					"$(inherited)",
				);
				GCC_WARN_64_TO_32_BIT_CONVERSION = YES;
				GCC_WARN_ABOUT_RETURN_TYPE = YES_ERROR;
				GCC_WARN_UNDECLARED_SELECTOR = YES;
				GCC_WARN_UNINITIALIZED_AUTOS = YES_AGGRESSIVE;
				GCC_WARN_UNUSED_FUNCTION = YES;
				GCC_WARN_UNUSED_VARIABLE = YES;
				IPHONEOS_DEPLOYMENT_TARGET = 9.2;
				MTL_ENABLE_DEBUG_INFO = YES;
				ONLY_ACTIVE_ARCH = YES;
				SDKROOT = iphoneos;
				TARGETED_DEVICE_FAMILY = "1,2";
			};
			name = Debug;
		};
		A241EB321C7EA16E004385DA /* Release */ = {
			isa = XCBuildConfiguration;
			buildSettings = {
				ALWAYS_SEARCH_USER_PATHS = NO;
				CLANG_CXX_LANGUAGE_STANDARD = "gnu++0x";
				CLANG_CXX_LIBRARY = "libc++";
				CLANG_ENABLE_MODULES = YES;
				CLANG_ENABLE_OBJC_ARC = YES;
				CLANG_WARN_BOOL_CONVERSION = YES;
				CLANG_WARN_CONSTANT_CONVERSION = YES;
				CLANG_WARN_DIRECT_OBJC_ISA_USAGE = YES_ERROR;
				CLANG_WARN_EMPTY_BODY = YES;
				CLANG_WARN_ENUM_CONVERSION = YES;
				CLANG_WARN_INT_CONVERSION = YES;
				CLANG_WARN_OBJC_ROOT_CLASS = YES_ERROR;
				CLANG_WARN_UNREACHABLE_CODE = YES;
				CLANG_WARN__DUPLICATE_METHOD_MATCH = YES;
				"CODE_SIGN_IDENTITY[sdk=iphoneos*]" = "iPhone Developer";
				COPY_PHASE_STRIP = NO;
				DEBUG_INFORMATION_FORMAT = "dwarf-with-dsym";
				ENABLE_NS_ASSERTIONS = NO;
				ENABLE_STRICT_OBJC_MSGSEND = YES;
				GCC_C_LANGUAGE_STANDARD = gnu99;
				GCC_NO_COMMON_BLOCKS = YES;
				GCC_WARN_64_TO_32_BIT_CONVERSION = YES;
				GCC_WARN_ABOUT_RETURN_TYPE = YES_ERROR;
				GCC_WARN_UNDECLARED_SELECTOR = YES;
				GCC_WARN_UNINITIALIZED_AUTOS = YES_AGGRESSIVE;
				GCC_WARN_UNUSED_FUNCTION = YES;
				GCC_WARN_UNUSED_VARIABLE = YES;
				IPHONEOS_DEPLOYMENT_TARGET = 9.2;
				MTL_ENABLE_DEBUG_INFO = NO;
				SDKROOT = iphoneos;
				TARGETED_DEVICE_FAMILY = "1,2";
				VALIDATE_PRODUCT = YES;
			};
			name = Release;
		};
		A241EB341C7EA16E004385DA /* Debug */ = {
			isa = XCBuildConfiguration;
			baseConfigurationReference = 21744CD10DB9CF981506E52F /* Pods.debug.xcconfig */;
			buildSettings = {
				ASSETCATALOG_COMPILER_APPICON_NAME = AppIcon;
				GCC_PREFIX_HEADER = "$(SRCROOT)/OnDuty/OnDuty-Prefix.pch";
				INFOPLIST_FILE = OnDuty/Info.plist;
				IPHONEOS_DEPLOYMENT_TARGET = 7.0;
				LD_RUNPATH_SEARCH_PATHS = "$(inherited) @executable_path/Frameworks";
				PRODUCT_BUNDLE_IDENTIFIER = VisionBao.OnDuty;
				PRODUCT_NAME = "$(TARGET_NAME)";
			};
			name = Debug;
		};
		A241EB351C7EA16E004385DA /* Release */ = {
			isa = XCBuildConfiguration;
			baseConfigurationReference = 1E78EEDD435B479402B96368 /* Pods.release.xcconfig */;
			buildSettings = {
				ASSETCATALOG_COMPILER_APPICON_NAME = AppIcon;
				GCC_PREFIX_HEADER = "$(SRCROOT)/OnDuty/OnDuty-Prefix.pch";
				INFOPLIST_FILE = OnDuty/Info.plist;
				IPHONEOS_DEPLOYMENT_TARGET = 7.0;
				LD_RUNPATH_SEARCH_PATHS = "$(inherited) @executable_path/Frameworks";
				PRODUCT_BUNDLE_IDENTIFIER = VisionBao.OnDuty;
				PRODUCT_NAME = "$(TARGET_NAME)";
			};
			name = Release;
		};
		A241EB371C7EA16E004385DA /* Debug */ = {
			isa = XCBuildConfiguration;
			buildSettings = {
				BUNDLE_LOADER = "$(TEST_HOST)";
				INFOPLIST_FILE = OnDutyTests/Info.plist;
				LD_RUNPATH_SEARCH_PATHS = "$(inherited) @executable_path/Frameworks @loader_path/Frameworks";
				PRODUCT_BUNDLE_IDENTIFIER = VisionBao.OnDutyTests;
				PRODUCT_NAME = "$(TARGET_NAME)";
				TEST_HOST = "$(BUILT_PRODUCTS_DIR)/OnDuty.app/OnDuty";
			};
			name = Debug;
		};
		A241EB381C7EA16E004385DA /* Release */ = {
			isa = XCBuildConfiguration;
			buildSettings = {
				BUNDLE_LOADER = "$(TEST_HOST)";
				INFOPLIST_FILE = OnDutyTests/Info.plist;
				LD_RUNPATH_SEARCH_PATHS = "$(inherited) @executable_path/Frameworks @loader_path/Frameworks";
				PRODUCT_BUNDLE_IDENTIFIER = VisionBao.OnDutyTests;
				PRODUCT_NAME = "$(TARGET_NAME)";
				TEST_HOST = "$(BUILT_PRODUCTS_DIR)/OnDuty.app/OnDuty";
			};
			name = Release;
		};
		A241EB3A1C7EA16E004385DA /* Debug */ = {
			isa = XCBuildConfiguration;
			buildSettings = {
				INFOPLIST_FILE = OnDutyUITests/Info.plist;
				LD_RUNPATH_SEARCH_PATHS = "$(inherited) @executable_path/Frameworks @loader_path/Frameworks";
				PRODUCT_BUNDLE_IDENTIFIER = VisionBao.OnDutyUITests;
				PRODUCT_NAME = "$(TARGET_NAME)";
				TEST_TARGET_NAME = OnDuty;
				USES_XCTRUNNER = YES;
			};
			name = Debug;
		};
		A241EB3B1C7EA16E004385DA /* Release */ = {
			isa = XCBuildConfiguration;
			buildSettings = {
				INFOPLIST_FILE = OnDutyUITests/Info.plist;
				LD_RUNPATH_SEARCH_PATHS = "$(inherited) @executable_path/Frameworks @loader_path/Frameworks";
				PRODUCT_BUNDLE_IDENTIFIER = VisionBao.OnDutyUITests;
				PRODUCT_NAME = "$(TARGET_NAME)";
				TEST_TARGET_NAME = OnDuty;
				USES_XCTRUNNER = YES;
			};
			name = Release;
		};
/* End XCBuildConfiguration section */

/* Begin XCConfigurationList section */
		A241EB011C7EA16E004385DA /* Build configuration list for PBXProject "OnDuty" */ = {
			isa = XCConfigurationList;
			buildConfigurations = (
				A241EB311C7EA16E004385DA /* Debug */,
				A241EB321C7EA16E004385DA /* Release */,
			);
			defaultConfigurationIsVisible = 0;
			defaultConfigurationName = Release;
		};
		A241EB331C7EA16E004385DA /* Build configuration list for PBXNativeTarget "OnDuty" */ = {
			isa = XCConfigurationList;
			buildConfigurations = (
				A241EB341C7EA16E004385DA /* Debug */,
				A241EB351C7EA16E004385DA /* Release */,
			);
			defaultConfigurationIsVisible = 0;
			defaultConfigurationName = Release;
		};
		A241EB361C7EA16E004385DA /* Build configuration list for PBXNativeTarget "OnDutyTests" */ = {
			isa = XCConfigurationList;
			buildConfigurations = (
				A241EB371C7EA16E004385DA /* Debug */,
				A241EB381C7EA16E004385DA /* Release */,
			);
			defaultConfigurationIsVisible = 0;
			defaultConfigurationName = Release;
		};
		A241EB391C7EA16E004385DA /* Build configuration list for PBXNativeTarget "OnDutyUITests" */ = {
			isa = XCConfigurationList;
			buildConfigurations = (
				A241EB3A1C7EA16E004385DA /* Debug */,
				A241EB3B1C7EA16E004385DA /* Release */,
			);
			defaultConfigurationIsVisible = 0;
			defaultConfigurationName = Release;
		};
/* End XCConfigurationList section */
	};
	rootObject = A241EAFE1C7EA16E004385DA /* Project object */;
}
